
Microsoft Visual Studio Solution File, Format Version 12.00
# Visual Studio Version 17
VisualStudioVersion = 17.1.32228.430
MinimumVisualStudioVersion = 10.0.40219.1
Project("{9A19103F-16F7-4668-BE54-9A1E7A4F7556}") = "Stack-Queue-Psuedo", "Stack-Queue-Psuedo.csproj", "{D62FF5B7-FAF5-4C7C-AD3F-6CD33EB1F067}"
EndProject
Project("{FAE04EC0-301F-11D3-BF4B-00C04F79EFBC}") = "Test-Psuedo-Queue", "..\Test-Psuedo-Queue\Test-Psuedo-Queue.csproj", "{6B6B0D26-DE5E-4287-BFC3-DA1392EFC32F}"
EndProject
Global
	GlobalSection(SolutionConfigurationPlatforms) = preSolution
		Debug|Any CPU = Debug|Any CPU
		Release|Any CPU = Release|Any CPU
	EndGlobalSection
	GlobalSection(ProjectConfigurationPlatforms) = postSolution
		{D62FF5B7-FAF5-4C7C-AD3F-6CD33EB1F067}.Debug|Any CPU.ActiveCfg = Debug|Any CPU
		{D62FF5B7-FAF5-4C7C-AD3F-6CD33EB1F067}.Debug|Any CPU.Build.0 = Debug|Any CPU
		{D62FF5B7-FAF5-4C7C-AD3F-6CD33EB1F067}.Release|Any CPU.ActiveCfg = Release|Any CPU
		{D62FF5B7-FAF5-4C7C-AD3F-6CD33EB1F067}.Release|Any CPU.Build.0 = Release|Any CPU
		{6B6B0D26-DE5E-4287-BFC3-DA1392EFC32F}.Debug|Any CPU.ActiveCfg = Debug|Any CPU
		{6B6B0D26-DE5E-4287-BFC3-DA1392EFC32F}.Debug|Any CPU.Build.0 = Debug|Any CPU
		{6B6B0D26-DE5E-4287-BFC3-DA1392EFC32F}.Release|Any CPU.ActiveCfg = Release|Any CPU
		{6B6B0D26-DE5E-4287-BFC3-DA1392EFC32F}.Release|Any CPU.Build.0 = Release|Any CPU
	EndGlobalSection
	GlobalSection(SolutionProperties) = preSolution
		HideSolutionNode = FALSE
	EndGlobalSection
	GlobalSection(ExtensibilityGlobals) = postSolution
		SolutionGuid = {4772D3F9-F5E5-4AE9-9F0C-996697B94180}
	EndGlobalSection
EndGlobal
