
Microsoft Visual Studio Solution File, Format Version 12.00
# Visual Studio Version 17
VisualStudioVersion = 17.1.32228.430
MinimumVisualStudioVersion = 10.0.40219.1
Project("{9A19103F-16F7-4668-BE54-9A1E7A4F7556}") = "quick-sort", "quick-sort.csproj", "{F2B69E77-2C79-49C8-8A19-2BA0F6D4385E}"
EndProject
Project("{FAE04EC0-301F-11D3-BF4B-00C04F79EFBC}") = "test-quick-sort", "..\test-quick-sort\test-quick-sort.csproj", "{F33E4291-AF08-4C97-A291-19647D99B972}"
EndProject
Global
	GlobalSection(SolutionConfigurationPlatforms) = preSolution
		Debug|Any CPU = Debug|Any CPU
		Release|Any CPU = Release|Any CPU
	EndGlobalSection
	GlobalSection(ProjectConfigurationPlatforms) = postSolution
		{F2B69E77-2C79-49C8-8A19-2BA0F6D4385E}.Debug|Any CPU.ActiveCfg = Debug|Any CPU
		{F2B69E77-2C79-49C8-8A19-2BA0F6D4385E}.Debug|Any CPU.Build.0 = Debug|Any CPU
		{F2B69E77-2C79-49C8-8A19-2BA0F6D4385E}.Release|Any CPU.ActiveCfg = Release|Any CPU
		{F2B69E77-2C79-49C8-8A19-2BA0F6D4385E}.Release|Any CPU.Build.0 = Release|Any CPU
		{F33E4291-AF08-4C97-A291-19647D99B972}.Debug|Any CPU.ActiveCfg = Debug|Any CPU
		{F33E4291-AF08-4C97-A291-19647D99B972}.Debug|Any CPU.Build.0 = Debug|Any CPU
		{F33E4291-AF08-4C97-A291-19647D99B972}.Release|Any CPU.ActiveCfg = Release|Any CPU
		{F33E4291-AF08-4C97-A291-19647D99B972}.Release|Any CPU.Build.0 = Release|Any CPU
	EndGlobalSection
	GlobalSection(SolutionProperties) = preSolution
		HideSolutionNode = FALSE
	EndGlobalSection
	GlobalSection(ExtensibilityGlobals) = postSolution
		SolutionGuid = {36C1E82D-34C7-4291-8B8D-CEA9F6C0B5AF}
	EndGlobalSection
EndGlobal
