
Microsoft Visual Studio Solution File, Format Version 12.00
# Visual Studio Version 17
VisualStudioVersion = 17.1.32228.430
MinimumVisualStudioVersion = 10.0.40219.1
Project("{9A19103F-16F7-4668-BE54-9A1E7A4F7556}") = "tree-intersection", "tree-intersection.csproj", "{BF2DA56C-C38D-445D-A33F-FE8A9E9C577B}"
EndProject
Project("{FAE04EC0-301F-11D3-BF4B-00C04F79EFBC}") = "TestProject1", "..\TestProject1\TestProject1.csproj", "{AE6DB325-0492-4D18-8D6E-A5FE3EAC05EE}"
EndProject
Global
	GlobalSection(SolutionConfigurationPlatforms) = preSolution
		Debug|Any CPU = Debug|Any CPU
		Release|Any CPU = Release|Any CPU
	EndGlobalSection
	GlobalSection(ProjectConfigurationPlatforms) = postSolution
		{BF2DA56C-C38D-445D-A33F-FE8A9E9C577B}.Debug|Any CPU.ActiveCfg = Debug|Any CPU
		{BF2DA56C-C38D-445D-A33F-FE8A9E9C577B}.Debug|Any CPU.Build.0 = Debug|Any CPU
		{BF2DA56C-C38D-445D-A33F-FE8A9E9C577B}.Release|Any CPU.ActiveCfg = Release|Any CPU
		{BF2DA56C-C38D-445D-A33F-FE8A9E9C577B}.Release|Any CPU.Build.0 = Release|Any CPU
		{AE6DB325-0492-4D18-8D6E-A5FE3EAC05EE}.Debug|Any CPU.ActiveCfg = Debug|Any CPU
		{AE6DB325-0492-4D18-8D6E-A5FE3EAC05EE}.Debug|Any CPU.Build.0 = Debug|Any CPU
		{AE6DB325-0492-4D18-8D6E-A5FE3EAC05EE}.Release|Any CPU.ActiveCfg = Release|Any CPU
		{AE6DB325-0492-4D18-8D6E-A5FE3EAC05EE}.Release|Any CPU.Build.0 = Release|Any CPU
	EndGlobalSection
	GlobalSection(SolutionProperties) = preSolution
		HideSolutionNode = FALSE
	EndGlobalSection
	GlobalSection(ExtensibilityGlobals) = postSolution
		SolutionGuid = {D1429219-5F47-4FA2-890A-7D20A58C4C6F}
	EndGlobalSection
EndGlobal
