
Microsoft Visual Studio Solution File, Format Version 12.00
# Visual Studio Version 17
VisualStudioVersion = 17.1.32228.430
MinimumVisualStudioVersion = 10.0.40219.1
Project("{FAE04EC0-301F-11D3-BF4B-00C04F79EFBC}") = "duckduckgoose", "duckduckgoose.csproj", "{63AF78F4-12D1-42AC-9893-C078C25CC1C3}"
EndProject
Global
	GlobalSection(SolutionConfigurationPlatforms) = preSolution
		Debug|Any CPU = Debug|Any CPU
		Release|Any CPU = Release|Any CPU
	EndGlobalSection
	GlobalSection(ProjectConfigurationPlatforms) = postSolution
		{63AF78F4-12D1-42AC-9893-C078C25CC1C3}.Debug|Any CPU.ActiveCfg = Debug|Any CPU
		{63AF78F4-12D1-42AC-9893-C078C25CC1C3}.Debug|Any CPU.Build.0 = Debug|Any CPU
		{63AF78F4-12D1-42AC-9893-C078C25CC1C3}.Release|Any CPU.ActiveCfg = Release|Any CPU
		{63AF78F4-12D1-42AC-9893-C078C25CC1C3}.Release|Any CPU.Build.0 = Release|Any CPU
	EndGlobalSection
	GlobalSection(SolutionProperties) = preSolution
		HideSolutionNode = FALSE
	EndGlobalSection
	GlobalSection(ExtensibilityGlobals) = postSolution
		SolutionGuid = {17361390-B414-4BDA-8FD3-E88338127010}
	EndGlobalSection
EndGlobal
